Microsoft Visual Studio Solution File, Format Version 12.00
# Visual Studio Version 17
VisualStudioVersion = 17.5.2.0
MinimumVisualStudioVersion = 10.0.40219.1
Project("{FAE04EC0-301F-11D3-BF4B-00C04F79EFBC}") = "StudentManagerConsole", "StudentManagerConsole.csproj", "{77C5EFA2-0EEE-15AE-8D5B-C9326A709C88}"
EndProject
Global
	GlobalSection(SolutionConfigurationPlatforms) = preSolution
		Debug|Any CPU = Debug|Any CPU
		Release|Any CPU = Release|Any CPU
	EndGlobalSection
	GlobalSection(ProjectConfigurationPlatforms) = postSolution
		{77C5EFA2-0EEE-15AE-8D5B-C9326A709C88}.Debug|Any CPU.ActiveCfg = Debug|Any CPU
		{77C5EFA2-0EEE-15AE-8D5B-C9326A709C88}.Debug|Any CPU.Build.0 = Debug|Any CPU
		{77C5EFA2-0EEE-15AE-8D5B-C9326A709C88}.Release|Any CPU.ActiveCfg = Release|Any CPU
		{77C5EFA2-0EEE-15AE-8D5B-C9326A709C88}.Release|Any CPU.Build.0 = Release|Any CPU
	EndGlobalSection
	GlobalSection(SolutionProperties) = preSolution
		HideSolutionNode = FALSE
	EndGlobalSection
	GlobalSection(ExtensibilityGlobals) = postSolution
		SolutionGuid = {0644C865-73D9-4BAF-8C1D-37FC4ABFF713}
	EndGlobalSection
EndGlobal
